{
  "name": "flow",
  "version": "1.0.0",
  "lockfileVersion": 2,
  "requires": true,
  "packages": {
    "": {
      "name": "flow",
      "version": "1.0.0",
      "license": "ISC",
      "devDependencies": {
        "flow-bin": "^0.182.0"
      }
    },
    "node_modules/flow-bin": {
      "version": "0.182.0",
      "resolved": "https://registry.npmjs.org/flow-bin/-/flow-bin-0.182.0.tgz",
      "integrity": "sha512-Ux90c2sMfoV/VVjOEFT2OHFJFnyfoIbTK/5AKAMnU4Skfru1G+FyS5YLu3XxQl0R6mpA9+rrFlPfYZq/5B+J3w==",
      "dev": true,
      "bin": {
        "flow": "cli.js"
      },
      "engines": {
        "node": ">=0.10.0"
      }
    }
  },
  "dependencies": {
    "flow-bin": {
      "version": "0.182.0",
      "resolved": "https://registry.npmjs.org/flow-bin/-/flow-bin-0.182.0.tgz",
      "integrity": "sha512-Ux90c2sMfoV/VVjOEFT2OHFJFnyfoIbTK/5AKAMnU4Skfru1G+FyS5YLu3XxQl0R6mpA9+rrFlPfYZq/5B+J3w==",
      "dev": true
    }
  }
}
